
Microsoft Visual Studio Solution File, Format Version 12.00
# Visual Studio Version 17
VisualStudioVersion = 17.1.32328.378
MinimumVisualStudioVersion = 10.0.40219.1
Project("{FAE04EC0-301F-11D3-BF4B-00C04F79EFBC}") = "WebApplication1", "WebApplication1\WebApplication1.csproj", "{1FE6932D-4589-4F68-8374-CEB6EA8DC26A}"
EndProject
Global
	GlobalSection(SolutionConfigurationPlatforms) = preSolution
		Debug|Any CPU = Debug|Any CPU
		Release|Any CPU = Release|Any CPU
	EndGlobalSection
	GlobalSection(ProjectConfigurationPlatforms) = postSolution
		{1FE6932D-4589-4F68-8374-CEB6EA8DC26A}.Debug|Any CPU.ActiveCfg = Debug|Any CPU
		{1FE6932D-4589-4F68-8374-CEB6EA8DC26A}.Debug|Any CPU.Build.0 = Debug|Any CPU
		{1FE6932D-4589-4F68-8374-CEB6EA8DC26A}.Release|Any CPU.ActiveCfg = Release|Any CPU
		{1FE6932D-4589-4F68-8374-CEB6EA8DC26A}.Release|Any CPU.Build.0 = Release|Any CPU
	EndGlobalSection
	GlobalSection(SolutionProperties) = preSolution
		HideSolutionNode = FALSE
	EndGlobalSection
	GlobalSection(ExtensibilityGlobals) = postSolution
		SolutionGuid = {A1CD4D4F-DFB5-4EDF-9505-5079BA75D0FA}
	EndGlobalSection
EndGlobal
